
Microsoft Visual Studio Solution File, Format Version 12.00
# Visual Studio 15
VisualStudioVersion = 15.0.27703.2026
MinimumVisualStudioVersion = 10.0.40219.1
Project("{888888A0-9F3D-457C-B088-3A5042F75D52}") = "BasicProject", "BasicProject\BasicProject.pyproj", "{5B2911F8-AD92-49D0-9EB5-A37AF3393D37}"
EndProject
Global
	GlobalSection(SolutionConfigurationPlatforms) = preSolution
		Debug|Any CPU = Debug|Any CPU
		Release|Any CPU = Release|Any CPU
	EndGlobalSection
	GlobalSection(ProjectConfigurationPlatforms) = postSolution
		{5B2911F8-AD92-49D0-9EB5-A37AF3393D37}.Debug|Any CPU.ActiveCfg = Debug|Any CPU
		{5B2911F8-AD92-49D0-9EB5-A37AF3393D37}.Debug|Any CPU.Build.0 = Debug|Any CPU
		{5B2911F8-AD92-49D0-9EB5-A37AF3393D37}.Release|Any CPU.ActiveCfg = Release|Any CPU
		{5B2911F8-AD92-49D0-9EB5-A37AF3393D37}.Release|Any CPU.Build.0 = Release|Any CPU
	EndGlobalSection
	GlobalSection(SolutionProperties) = preSolution
		HideSolutionNode = FALSE
	EndGlobalSection
	GlobalSection(ExtensibilityGlobals) = postSolution
		SolutionGuid = {C87D1491-8258-403D-9323-82B66CE468F7}
	EndGlobalSection
EndGlobal
